// !$*UTF8*$!
{
	archiveVersion = 1;
	classes = {
	};
	objectVersion = 56;
	objects = {

/* Begin PBXBuildFile section */
		944F80C8061D703B50A6DB0A /* Pods_Shahn.framework in Frameworks */ = {isa = PBXBuildFile; fileRef = 244B180228A4E83B109F3D73 /* Pods_Shahn.framework */; };
		CE9854AB29E55CF600644F0F /* TabbarController.swift in Sources */ = {isa = PBXBuildFile; fileRef = CE9854AA29E55CF600644F0F /* TabbarController.swift */; };
		CE9854AD29E5619300644F0F /* Tabbar.storyboard in Resources */ = {isa = PBXBuildFile; fileRef = CE9854AC29E5619300644F0F /* Tabbar.storyboard */; };
		CE9854AF29E5621D00644F0F /* Orders.storyboard in Resources */ = {isa = PBXBuildFile; fileRef = CE9854AE29E5621D00644F0F /* Orders.storyboard */; };
		CE9854B129E5625C00644F0F /* Account.storyboard in Resources */ = {isa = PBXBuildFile; fileRef = CE9854B029E5625C00644F0F /* Account.storyboard */; };
		CE9854B329E562BD00644F0F /* Setting.storyboard in Resources */ = {isa = PBXBuildFile; fileRef = CE9854B229E562BD00644F0F /* Setting.storyboard */; };
		CE9854B529E56C9100644F0F /* HomeViewController.swift in Sources */ = {isa = PBXBuildFile; fileRef = CE9854B429E56C9100644F0F /* HomeViewController.swift */; };
		CE9854B829E56F2A00644F0F /* PrividersViewController.swift in Sources */ = {isa = PBXBuildFile; fileRef = CE9854B729E56F2A00644F0F /* PrividersViewController.swift */; };
		CE9854BB29E5E0F100644F0F /* ReviewView.xib in Resources */ = {isa = PBXBuildFile; fileRef = CE9854B929E5E0F100644F0F /* ReviewView.xib */; };
		CE9854BC29E5E0F100644F0F /* ReviewView.swift in Sources */ = {isa = PBXBuildFile; fileRef = CE9854BA29E5E0F100644F0F /* ReviewView.swift */; };
		CE9854BF29E5E1DA00644F0F /* ProviderDetailsViewController.swift in Sources */ = {isa = PBXBuildFile; fileRef = CE9854BE29E5E1DA00644F0F /* ProviderDetailsViewController.swift */; };
		CE9854D529E68A9C00644F0F /* NewOrder.storyboard in Resources */ = {isa = PBXBuildFile; fileRef = CE9854D429E68A9C00644F0F /* NewOrder.storyboard */; };
		CE9854D829E69C3400644F0F /* CreateOrderViewController.swift in Sources */ = {isa = PBXBuildFile; fileRef = CE9854D729E69C3400644F0F /* CreateOrderViewController.swift */; };
		CE9854DB29E823D000644F0F /* OrdersViewController.swift in Sources */ = {isa = PBXBuildFile; fileRef = CE9854DA29E823D000644F0F /* OrdersViewController.swift */; };
		CE9854DD29E8AEB900644F0F /* OrderPricingViewController.swift in Sources */ = {isa = PBXBuildFile; fileRef = CE9854DC29E8AEB900644F0F /* OrderPricingViewController.swift */; };
		CEE0417829E3510B00239BF7 /* AppDelegate.swift in Sources */ = {isa = PBXBuildFile; fileRef = CEE0417729E3510B00239BF7 /* AppDelegate.swift */; };
		CEE0417A29E3510B00239BF7 /* SceneDelegate.swift in Sources */ = {isa = PBXBuildFile; fileRef = CEE0417929E3510B00239BF7 /* SceneDelegate.swift */; };
		CEE0417C29E3510B00239BF7 /* ViewController.swift in Sources */ = {isa = PBXBuildFile; fileRef = CEE0417B29E3510B00239BF7 /* ViewController.swift */; };
		CEE0417F29E3510B00239BF7 /* Main.storyboard in Resources */ = {isa = PBXBuildFile; fileRef = CEE0417D29E3510B00239BF7 /* Main.storyboard */; };
		CEE0418129E3510C00239BF7 /* Assets.xcassets in Resources */ = {isa = PBXBuildFile; fileRef = CEE0418029E3510C00239BF7 /* Assets.xcassets */; };
		CEE0418429E3510C00239BF7 /* LaunchScreen.storyboard in Resources */ = {isa = PBXBuildFile; fileRef = CEE0418229E3510C00239BF7 /* LaunchScreen.storyboard */; };
		CEE0418E29E3C85300239BF7 /* Bahij Janna-Regular.ttf in Resources */ = {isa = PBXBuildFile; fileRef = CEE0418C29E3C85300239BF7 /* Bahij Janna-Regular.ttf */; };
		CEE0418F29E3C85300239BF7 /* Bahij Janna-Bold.ttf in Resources */ = {isa = PBXBuildFile; fileRef = CEE0418D29E3C85300239BF7 /* Bahij Janna-Bold.ttf */; };
		CEE0419829E3C86C00239BF7 /* customViewsMedia.xcassets in Resources */ = {isa = PBXBuildFile; fileRef = CEE0419129E3C86B00239BF7 /* customViewsMedia.xcassets */; };
		CEE0419929E3C86C00239BF7 /* noUserDataNotLoadedNip.swift in Sources */ = {isa = PBXBuildFile; fileRef = CEE0419229E3C86B00239BF7 /* noUserDataNotLoadedNip.swift */; };
		CEE0419A29E3C86C00239BF7 /* noUserDataNotLoadedNip.xib in Resources */ = {isa = PBXBuildFile; fileRef = CEE0419329E3C86C00239BF7 /* noUserDataNotLoadedNip.xib */; };
		CEE0419B29E3C86C00239BF7 /* CustomMarker.xib in Resources */ = {isa = PBXBuildFile; fileRef = CEE0419429E3C86C00239BF7 /* CustomMarker.xib */; };
		CEE0419C29E3C86C00239BF7 /* noDataFoundNip.xib in Resources */ = {isa = PBXBuildFile; fileRef = CEE0419529E3C86C00239BF7 /* noDataFoundNip.xib */; };
		CEE0419D29E3C86C00239BF7 /* CustomMarker.swift in Sources */ = {isa = PBXBuildFile; fileRef = CEE0419629E3C86C00239BF7 /* CustomMarker.swift */; };
		CEE0419E29E3C86C00239BF7 /* noDataFoundNip.swift in Sources */ = {isa = PBXBuildFile; fileRef = CEE0419729E3C86C00239BF7 /* noDataFoundNip.swift */; };
		CEE041A929E3C89500239BF7 /* Extensions+UIView.swift in Sources */ = {isa = PBXBuildFile; fileRef = CEE041A029E3C89500239BF7 /* Extensions+UIView.swift */; };
		CEE041AA29E3C89500239BF7 /* CommonFunctions.swift in Sources */ = {isa = PBXBuildFile; fileRef = CEE041A129E3C89500239BF7 /* CommonFunctions.swift */; };
		CEE041AB29E3C89500239BF7 /* API.swift in Sources */ = {isa = PBXBuildFile; fileRef = CEE041A229E3C89500239BF7 /* API.swift */; };
		CEE041AC29E3C89500239BF7 /* HeaderView.swift in Sources */ = {isa = PBXBuildFile; fileRef = CEE041A329E3C89500239BF7 /* HeaderView.swift */; };
		CEE041AD29E3C89500239BF7 /* Utilities.swift in Sources */ = {isa = PBXBuildFile; fileRef = CEE041A429E3C89500239BF7 /* Utilities.swift */; };
		CEE041AE29E3C89500239BF7 /* StretchyHeaderLayout.swift in Sources */ = {isa = PBXBuildFile; fileRef = CEE041A529E3C89500239BF7 /* StretchyHeaderLayout.swift */; };
		CEE041AF29E3C89500239BF7 /* AlertHelper.swift in Sources */ = {isa = PBXBuildFile; fileRef = CEE041A629E3C89500239BF7 /* AlertHelper.swift */; };
		CEE041B029E3C89500239BF7 /* Extestension.swift in Sources */ = {isa = PBXBuildFile; fileRef = CEE041A729E3C89500239BF7 /* Extestension.swift */; };
		CEE041B129E3C89500239BF7 /* AttachmentHandler.swift in Sources */ = {isa = PBXBuildFile; fileRef = CEE041A829E3C89500239BF7 /* AttachmentHandler.swift */; };
		CEE041B529E3C8D000239BF7 /* UserModel.swift in Sources */ = {isa = PBXBuildFile; fileRef = CEE041B229E3C8D000239BF7 /* UserModel.swift */; };
		CEE041B629E3C8D000239BF7 /* AboutModels.swift in Sources */ = {isa = PBXBuildFile; fileRef = CEE041B329E3C8D000239BF7 /* AboutModels.swift */; };
		CEE041B729E3C8D000239BF7 /* ErrorModel.swift in Sources */ = {isa = PBXBuildFile; fileRef = CEE041B429E3C8D000239BF7 /* ErrorModel.swift */; };
		CEE041BD29E3E07A00239BF7 /* Home.storyboard in Resources */ = {isa = PBXBuildFile; fileRef = CEE041BC29E3E07A00239BF7 /* Home.storyboard */; };
/* End PBXBuildFile section */

/* Begin PBXFileReference section */
		19992C77E07D9609007130D6 /* Pods-Shahn.release.xcconfig */ = {isa = PBXFileReference; includeInIndex = 1; lastKnownFileType = text.xcconfig; name = "Pods-Shahn.release.xcconfig"; path = "Target Support Files/Pods-Shahn/Pods-Shahn.release.xcconfig"; sourceTree = "<group>"; };
		244B180228A4E83B109F3D73 /* Pods_Shahn.framework */ = {isa = PBXFileReference; explicitFileType = wrapper.framework; includeInIndex = 0; path = Pods_Shahn.framework; sourceTree = BUILT_PRODUCTS_DIR; };
		CE9854AA29E55CF600644F0F /* TabbarController.swift */ = {isa = PBXFileReference; lastKnownFileType = sourcecode.swift; path = TabbarController.swift; sourceTree = "<group>"; };
		CE9854AC29E5619300644F0F /* Tabbar.storyboard */ = {isa = PBXFileReference; lastKnownFileType = file.storyboard; path = Tabbar.storyboard; sourceTree = "<group>"; };
		CE9854AE29E5621D00644F0F /* Orders.storyboard */ = {isa = PBXFileReference; lastKnownFileType = file.storyboard; path = Orders.storyboard; sourceTree = "<group>"; };
		CE9854B029E5625C00644F0F /* Account.storyboard */ = {isa = PBXFileReference; lastKnownFileType = file.storyboard; path = Account.storyboard; sourceTree = "<group>"; };
		CE9854B229E562BD00644F0F /* Setting.storyboard */ = {isa = PBXFileReference; lastKnownFileType = file.storyboard; path = Setting.storyboard; sourceTree = "<group>"; };
		CE9854B429E56C9100644F0F /* HomeViewController.swift */ = {isa = PBXFileReference; lastKnownFileType = sourcecode.swift; path = HomeViewController.swift; sourceTree = "<group>"; };
		CE9854B729E56F2A00644F0F /* PrividersViewController.swift */ = {isa = PBXFileReference; lastKnownFileType = sourcecode.swift; path = PrividersViewController.swift; sourceTree = "<group>"; };
		CE9854B929E5E0F100644F0F /* ReviewView.xib */ = {isa = PBXFileReference; fileEncoding = 4; lastKnownFileType = file.xib; path = ReviewView.xib; sourceTree = "<group>"; };
		CE9854BA29E5E0F100644F0F /* ReviewView.swift */ = {isa = PBXFileReference; fileEncoding = 4; lastKnownFileType = sourcecode.swift; path = ReviewView.swift; sourceTree = "<group>"; };
		CE9854BE29E5E1DA00644F0F /* ProviderDetailsViewController.swift */ = {isa = PBXFileReference; lastKnownFileType = sourcecode.swift; path = ProviderDetailsViewController.swift; sourceTree = "<group>"; };
		CE9854D429E68A9C00644F0F /* NewOrder.storyboard */ = {isa = PBXFileReference; lastKnownFileType = file.storyboard; path = NewOrder.storyboard; sourceTree = "<group>"; };
		CE9854D729E69C3400644F0F /* CreateOrderViewController.swift */ = {isa = PBXFileReference; lastKnownFileType = sourcecode.swift; path = CreateOrderViewController.swift; sourceTree = "<group>"; };
		CE9854DA29E823D000644F0F /* OrdersViewController.swift */ = {isa = PBXFileReference; lastKnownFileType = sourcecode.swift; path = OrdersViewController.swift; sourceTree = "<group>"; };
		CE9854DC29E8AEB900644F0F /* OrderPricingViewController.swift */ = {isa = PBXFileReference; lastKnownFileType = sourcecode.swift; path = OrderPricingViewController.swift; sourceTree = "<group>"; };
		CEE0417429E3510B00239BF7 /* Shahn.app */ = {isa = PBXFileReference; explicitFileType = wrapper.application; includeInIndex = 0; path = Shahn.app; sourceTree = BUILT_PRODUCTS_DIR; };
		CEE0417729E3510B00239BF7 /* AppDelegate.swift */ = {isa = PBXFileReference; lastKnownFileType = sourcecode.swift; path = AppDelegate.swift; sourceTree = "<group>"; };
		CEE0417929E3510B00239BF7 /* SceneDelegate.swift */ = {isa = PBXFileReference; lastKnownFileType = sourcecode.swift; path = SceneDelegate.swift; sourceTree = "<group>"; };
		CEE0417B29E3510B00239BF7 /* ViewController.swift */ = {isa = PBXFileReference; lastKnownFileType = sourcecode.swift; path = ViewController.swift; sourceTree = "<group>"; };
		CEE0417E29E3510B00239BF7 /* Base */ = {isa = PBXFileReference; lastKnownFileType = file.storyboard; name = Base; path = Base.lproj/Main.storyboard; sourceTree = "<group>"; };
		CEE0418029E3510C00239BF7 /* Assets.xcassets */ = {isa = PBXFileReference; lastKnownFileType = folder.assetcatalog; path = Assets.xcassets; sourceTree = "<group>"; };
		CEE0418329E3510C00239BF7 /* Base */ = {isa = PBXFileReference; lastKnownFileType = file.storyboard; name = Base; path = Base.lproj/LaunchScreen.storyboard; sourceTree = "<group>"; };
		CEE0418529E3510C00239BF7 /* Info.plist */ = {isa = PBXFileReference; lastKnownFileType = text.plist.xml; path = Info.plist; sourceTree = "<group>"; };
		CEE0418C29E3C85300239BF7 /* Bahij Janna-Regular.ttf */ = {isa = PBXFileReference; lastKnownFileType = file; path = "Bahij Janna-Regular.ttf"; sourceTree = "<group>"; };
		CEE0418D29E3C85300239BF7 /* Bahij Janna-Bold.ttf */ = {isa = PBXFileReference; lastKnownFileType = file; path = "Bahij Janna-Bold.ttf"; sourceTree = "<group>"; };
		CEE0419129E3C86B00239BF7 /* customViewsMedia.xcassets */ = {isa = PBXFileReference; lastKnownFileType = folder.assetcatalog; path = customViewsMedia.xcassets; sourceTree = "<group>"; };
		CEE0419229E3C86B00239BF7 /* noUserDataNotLoadedNip.swift */ = {isa = PBXFileReference; fileEncoding = 4; lastKnownFileType = sourcecode.swift; path = noUserDataNotLoadedNip.swift; sourceTree = "<group>"; };
		CEE0419329E3C86C00239BF7 /* noUserDataNotLoadedNip.xib */ = {isa = PBXFileReference; fileEncoding = 4; lastKnownFileType = file.xib; path = noUserDataNotLoadedNip.xib; sourceTree = "<group>"; };
		CEE0419429E3C86C00239BF7 /* CustomMarker.xib */ = {isa = PBXFileReference; fileEncoding = 4; lastKnownFileType = file.xib; path = CustomMarker.xib; sourceTree = "<group>"; };
		CEE0419529E3C86C00239BF7 /* noDataFoundNip.xib */ = {isa = PBXFileReference; fileEncoding = 4; lastKnownFileType = file.xib; path = noDataFoundNip.xib; sourceTree = "<group>"; };
		CEE0419629E3C86C00239BF7 /* CustomMarker.swift */ = {isa = PBXFileReference; fileEncoding = 4; lastKnownFileType = sourcecode.swift; path = CustomMarker.swift; sourceTree = "<group>"; };
		CEE0419729E3C86C00239BF7 /* noDataFoundNip.swift */ = {isa = PBXFileReference; fileEncoding = 4; lastKnownFileType = sourcecode.swift; path = noDataFoundNip.swift; sourceTree = "<group>"; };
		CEE041A029E3C89500239BF7 /* Extensions+UIView.swift */ = {isa = PBXFileReference; fileEncoding = 4; lastKnownFileType = sourcecode.swift; path = "Extensions+UIView.swift"; sourceTree = "<group>"; };
		CEE041A129E3C89500239BF7 /* CommonFunctions.swift */ = {isa = PBXFileReference; fileEncoding = 4; lastKnownFileType = sourcecode.swift; path = CommonFunctions.swift; sourceTree = "<group>"; };
		CEE041A229E3C89500239BF7 /* API.swift */ = {isa = PBXFileReference; fileEncoding = 4; lastKnownFileType = sourcecode.swift; path = API.swift; sourceTree = "<group>"; };
		CEE041A329E3C89500239BF7 /* HeaderView.swift */ = {isa = PBXFileReference; fileEncoding = 4; lastKnownFileType = sourcecode.swift; path = HeaderView.swift; sourceTree = "<group>"; };
		CEE041A429E3C89500239BF7 /* Utilities.swift */ = {isa = PBXFileReference; fileEncoding = 4; lastKnownFileType = sourcecode.swift; path = Utilities.swift; sourceTree = "<group>"; };
		CEE041A529E3C89500239BF7 /* StretchyHeaderLayout.swift */ = {isa = PBXFileReference; fileEncoding = 4; lastKnownFileType = sourcecode.swift; path = StretchyHeaderLayout.swift; sourceTree = "<group>"; };
		CEE041A629E3C89500239BF7 /* AlertHelper.swift */ = {isa = PBXFileReference; fileEncoding = 4; lastKnownFileType = sourcecode.swift; path = AlertHelper.swift; sourceTree = "<group>"; };
		CEE041A729E3C89500239BF7 /* Extestension.swift */ = {isa = PBXFileReference; fileEncoding = 4; lastKnownFileType = sourcecode.swift; path = Extestension.swift; sourceTree = "<group>"; };
		CEE041A829E3C89500239BF7 /* AttachmentHandler.swift */ = {isa = PBXFileReference; fileEncoding = 4; lastKnownFileType = sourcecode.swift; path = AttachmentHandler.swift; sourceTree = "<group>"; };
		CEE041B229E3C8D000239BF7 /* UserModel.swift */ = {isa = PBXFileReference; fileEncoding = 4; lastKnownFileType = sourcecode.swift; path = UserModel.swift; sourceTree = "<group>"; };
		CEE041B329E3C8D000239BF7 /* AboutModels.swift */ = {isa = PBXFileReference; fileEncoding = 4; lastKnownFileType = sourcecode.swift; path = AboutModels.swift; sourceTree = "<group>"; };
		CEE041B429E3C8D000239BF7 /* ErrorModel.swift */ = {isa = PBXFileReference; fileEncoding = 4; lastKnownFileType = sourcecode.swift; path = ErrorModel.swift; sourceTree = "<group>"; };
		CEE041BA29E3D11300239BF7 /* ar */ = {isa = PBXFileReference; lastKnownFileType = text.plist.strings; name = ar; path = ar.lproj/Main.strings; sourceTree = "<group>"; };
		CEE041BB29E3D11300239BF7 /* ar */ = {isa = PBXFileReference; lastKnownFileType = text.plist.strings; name = ar; path = ar.lproj/LaunchScreen.strings; sourceTree = "<group>"; };
		CEE041BC29E3E07A00239BF7 /* Home.storyboard */ = {isa = PBXFileReference; lastKnownFileType = file.storyboard; path = Home.storyboard; sourceTree = "<group>"; };
		FD083CFCBF54A5DCAF8FDBEC /* Pods-Shahn.debug.xcconfig */ = {isa = PBXFileReference; includeInIndex = 1; lastKnownFileType = text.xcconfig; name = "Pods-Shahn.debug.xcconfig"; path = "Target Support Files/Pods-Shahn/Pods-Shahn.debug.xcconfig"; sourceTree = "<group>"; };
/* End PBXFileReference section */

/* Begin PBXFrameworksBuildPhase section */
		CEE0417129E3510B00239BF7 /* Frameworks */ = {
			isa = PBXFrameworksBuildPhase;
			buildActionMask = 2147483647;
			files = (
				944F80C8061D703B50A6DB0A /* Pods_Shahn.framework in Frameworks */,
			);
			runOnlyForDeploymentPostprocessing = 0;
		};
/* End PBXFrameworksBuildPhase section */

/* Begin PBXGroup section */
		48DCEAF33CB9989E99ED8CEE /* Frameworks */ = {
			isa = PBXGroup;
			children = (
				244B180228A4E83B109F3D73 /* Pods_Shahn.framework */,
			);
			name = Frameworks;
			sourceTree = "<group>";
		};
		B0A6EBD867A10FF104F257C6 /* Pods */ = {
			isa = PBXGroup;
			children = (
				FD083CFCBF54A5DCAF8FDBEC /* Pods-Shahn.debug.xcconfig */,
				19992C77E07D9609007130D6 /* Pods-Shahn.release.xcconfig */,
			);
			path = Pods;
			sourceTree = "<group>";
		};
		CE9854A829E55CB700644F0F /* Scene */ = {
			isa = PBXGroup;
			children = (
				CE9854A929E55CDB00644F0F /* TabBar */,
				CE9854B629E56C9600644F0F /* Home */,
				CE9854D929E823AA00644F0F /* Orders */,
			);
			path = Scene;
			sourceTree = "<group>";
		};
		CE9854A929E55CDB00644F0F /* TabBar */ = {
			isa = PBXGroup;
			children = (
				CE9854AA29E55CF600644F0F /* TabbarController.swift */,
			);
			path = TabBar;
			sourceTree = "<group>";
		};
		CE9854B629E56C9600644F0F /* Home */ = {
			isa = PBXGroup;
			children = (
				CE9854D629E69C1500644F0F /* Order */,
				CE9854BD29E5E0F900644F0F /* ReviewView */,
				CE9854B429E56C9100644F0F /* HomeViewController.swift */,
				CE9854B729E56F2A00644F0F /* PrividersViewController.swift */,
				CE9854BE29E5E1DA00644F0F /* ProviderDetailsViewController.swift */,
			);
			path = Home;
			sourceTree = "<group>";
		};
		CE9854BD29E5E0F900644F0F /* ReviewView */ = {
			isa = PBXGroup;
			children = (
				CE9854BA29E5E0F100644F0F /* ReviewView.swift */,
				CE9854B929E5E0F100644F0F /* ReviewView.xib */,
			);
			path = ReviewView;
			sourceTree = "<group>";
		};
		CE9854D629E69C1500644F0F /* Order */ = {
			isa = PBXGroup;
			children = (
				CE9854D729E69C3400644F0F /* CreateOrderViewController.swift */,
			);
			path = Order;
			sourceTree = "<group>";
		};
		CE9854D929E823AA00644F0F /* Orders */ = {
			isa = PBXGroup;
			children = (
				CE9854DA29E823D000644F0F /* OrdersViewController.swift */,
				CE9854DC29E8AEB900644F0F /* OrderPricingViewController.swift */,
			);
			path = Orders;
			sourceTree = "<group>";
		};
		CEE0416B29E3510B00239BF7 = {
			isa = PBXGroup;
			children = (
				CEE0417629E3510B00239BF7 /* Shahn */,
				CEE0417529E3510B00239BF7 /* Products */,
				B0A6EBD867A10FF104F257C6 /* Pods */,
				48DCEAF33CB9989E99ED8CEE /* Frameworks */,
			);
			sourceTree = "<group>";
		};
		CEE0417529E3510B00239BF7 /* Products */ = {
			isa = PBXGroup;
			children = (
				CEE0417429E3510B00239BF7 /* Shahn.app */,
			);
			name = Products;
			sourceTree = "<group>";
		};
		CEE0417629E3510B00239BF7 /* Shahn */ = {
			isa = PBXGroup;
			children = (
				CEE0417729E3510B00239BF7 /* AppDelegate.swift */,
				CEE0417929E3510B00239BF7 /* SceneDelegate.swift */,
				CEE0417B29E3510B00239BF7 /* ViewController.swift */,
				CEE0418B29E3C83C00239BF7 /* Helpers */,
				CE9854A829E55CB700644F0F /* Scene */,
				CEE0417D29E3510B00239BF7 /* Main.storyboard */,
				CE9854AC29E5619300644F0F /* Tabbar.storyboard */,
				CEE041BC29E3E07A00239BF7 /* Home.storyboard */,
				CE9854D429E68A9C00644F0F /* NewOrder.storyboard */,
				CE9854AE29E5621D00644F0F /* Orders.storyboard */,
				CE9854B029E5625C00644F0F /* Account.storyboard */,
				CE9854B229E562BD00644F0F /* Setting.storyboard */,
				CEE0418029E3510C00239BF7 /* Assets.xcassets */,
				CEE0418229E3510C00239BF7 /* LaunchScreen.storyboard */,
				CEE0418529E3510C00239BF7 /* Info.plist */,
			);
			path = Shahn;
			sourceTree = "<group>";
		};
		CEE0418B29E3C83C00239BF7 /* Helpers */ = {
			isa = PBXGroup;
			children = (
				CEE041B929E3C9E300239BF7 /* Utilities */,
				CEE041B829E3C8D500239BF7 /* Models */,
				CEE0419F29E3C87600239BF7 /* CustomViews */,
				CEE0419029E3C85B00239BF7 /* Fonts */,
			);
			path = Helpers;
			sourceTree = "<group>";
		};
		CEE0419029E3C85B00239BF7 /* Fonts */ = {
			isa = PBXGroup;
			children = (
				CEE0418D29E3C85300239BF7 /* Bahij Janna-Bold.ttf */,
				CEE0418C29E3C85300239BF7 /* Bahij Janna-Regular.ttf */,
			);
			path = Fonts;
			sourceTree = "<group>";
		};
		CEE0419F29E3C87600239BF7 /* CustomViews */ = {
			isa = PBXGroup;
			children = (
				CEE0419629E3C86C00239BF7 /* CustomMarker.swift */,
				CEE0419429E3C86C00239BF7 /* CustomMarker.xib */,
				CEE0419129E3C86B00239BF7 /* customViewsMedia.xcassets */,
				CEE0419729E3C86C00239BF7 /* noDataFoundNip.swift */,
				CEE0419529E3C86C00239BF7 /* noDataFoundNip.xib */,
				CEE0419229E3C86B00239BF7 /* noUserDataNotLoadedNip.swift */,
				CEE0419329E3C86C00239BF7 /* noUserDataNotLoadedNip.xib */,
			);
			path = CustomViews;
			sourceTree = "<group>";
		};
		CEE041B829E3C8D500239BF7 /* Models */ = {
			isa = PBXGroup;
			children = (
				CEE041B329E3C8D000239BF7 /* AboutModels.swift */,
				CEE041B429E3C8D000239BF7 /* ErrorModel.swift */,
				CEE041B229E3C8D000239BF7 /* UserModel.swift */,
			);
			path = Models;
			sourceTree = "<group>";
		};
		CEE041B929E3C9E300239BF7 /* Utilities */ = {
			isa = PBXGroup;
			children = (
				CEE041A629E3C89500239BF7 /* AlertHelper.swift */,
				CEE041A229E3C89500239BF7 /* API.swift */,
				CEE041A829E3C89500239BF7 /* AttachmentHandler.swift */,
				CEE041A129E3C89500239BF7 /* CommonFunctions.swift */,
				CEE041A029E3C89500239BF7 /* Extensions+UIView.swift */,
				CEE041A729E3C89500239BF7 /* Extestension.swift */,
				CEE041A329E3C89500239BF7 /* HeaderView.swift */,
				CEE041A529E3C89500239BF7 /* StretchyHeaderLayout.swift */,
				CEE041A429E3C89500239BF7 /* Utilities.swift */,
			);
			path = Utilities;
			sourceTree = "<group>";
		};
/* End PBXGroup section */

/* Begin PBXNativeTarget section */
		CEE0417329E3510B00239BF7 /* Shahn */ = {
			isa = PBXNativeTarget;
			buildConfigurationList = CEE0418829E3510C00239BF7 /* Build configuration list for PBXNativeTarget "Shahn" */;
			buildPhases = (
				09B49E8D68154FF833262503 /* [CP] Check Pods Manifest.lock */,
				CEE0417029E3510B00239BF7 /* Sources */,
				CEE0417129E3510B00239BF7 /* Frameworks */,
				CEE0417229E3510B00239BF7 /* Resources */,
				7024C3A33F8399BFCB57370E /* [CP] Embed Pods Frameworks */,
				6CC3CE315FAAB96757A406D7 /* [CP] Copy Pods Resources */,
			);
			buildRules = (
			);
			dependencies = (
			);
			name = Shahn;
			productName = Shahn;
			productReference = CEE0417429E3510B00239BF7 /* Shahn.app */;
			productType = "com.apple.product-type.application";
		};
/* End PBXNativeTarget section */

/* Begin PBXProject section */
		CEE0416C29E3510B00239BF7 /* Project object */ = {
			isa = PBXProject;
			attributes = {
				BuildIndependentTargetsInParallel = 1;
				LastSwiftUpdateCheck = 1420;
				LastUpgradeCheck = 1420;
				TargetAttributes = {
					CEE0417329E3510B00239BF7 = {
						CreatedOnToolsVersion = 14.2;
					};
				};
			};
			buildConfigurationList = CEE0416F29E3510B00239BF7 /* Build configuration list for PBXProject "Shahn" */;
			compatibilityVersion = "Xcode 14.0";
			developmentRegion = en;
			hasScannedForEncodings = 0;
			knownRegions = (
				en,
				Base,
				ar,
			);
			mainGroup = CEE0416B29E3510B00239BF7;
			productRefGroup = CEE0417529E3510B00239BF7 /* Products */;
			projectDirPath = "";
			projectRoot = "";
			targets = (
				CEE0417329E3510B00239BF7 /* Shahn */,
			);
		};
/* End PBXProject section */

/* Begin PBXResourcesBuildPhase section */
		CEE0417229E3510B00239BF7 /* Resources */ = {
			isa = PBXResourcesBuildPhase;
			buildActionMask = 2147483647;
			files = (
				CE9854D529E68A9C00644F0F /* NewOrder.storyboard in Resources */,
				CEE0418F29E3C85300239BF7 /* Bahij Janna-Bold.ttf in Resources */,
				CEE041BD29E3E07A00239BF7 /* Home.storyboard in Resources */,
				CEE0418E29E3C85300239BF7 /* Bahij Janna-Regular.ttf in Resources */,
				CEE0419A29E3C86C00239BF7 /* noUserDataNotLoadedNip.xib in Resources */,
				CEE0418429E3510C00239BF7 /* LaunchScreen.storyboard in Resources */,
				CE9854BB29E5E0F100644F0F /* ReviewView.xib in Resources */,
				CEE0418129E3510C00239BF7 /* Assets.xcassets in Resources */,
				CEE0419829E3C86C00239BF7 /* customViewsMedia.xcassets in Resources */,
				CE9854AF29E5621D00644F0F /* Orders.storyboard in Resources */,
				CE9854AD29E5619300644F0F /* Tabbar.storyboard in Resources */,
				CE9854B329E562BD00644F0F /* Setting.storyboard in Resources */,
				CEE0419C29E3C86C00239BF7 /* noDataFoundNip.xib in Resources */,
				CE9854B129E5625C00644F0F /* Account.storyboard in Resources */,
				CEE0419B29E3C86C00239BF7 /* CustomMarker.xib in Resources */,
				CEE0417F29E3510B00239BF7 /* Main.storyboard in Resources */,
			);
			runOnlyForDeploymentPostprocessing = 0;
		};
/* End PBXResourcesBuildPhase section */

/* Begin PBXShellScriptBuildPhase section */
		09B49E8D68154FF833262503 /* [CP] Check Pods Manifest.lock */ = {
			isa = PBXShellScriptBuildPhase;
			buildActionMask = 2147483647;
			files = (
			);
			inputFileListPaths = (
			);
			inputPaths = (
				"${PODS_PODFILE_DIR_PATH}/Podfile.lock",
				"${PODS_ROOT}/Manifest.lock",
			);
			name = "[CP] Check Pods Manifest.lock";
			outputFileListPaths = (
			);
			outputPaths = (
				"$(DERIVED_FILE_DIR)/Pods-Shahn-checkManifestLockResult.txt",
			);
			runOnlyForDeploymentPostprocessing = 0;
			shellPath = /bin/sh;
			shellScript = "diff \"${PODS_PODFILE_DIR_PATH}/Podfile.lock\" \"${PODS_ROOT}/Manifest.lock\" > /dev/null\nif [ $? != 0 ] ; then\n    # print error to STDERR\n    echo \"error: The sandbox is not in sync with the Podfile.lock. Run 'pod install' or update your CocoaPods installation.\" >&2\n    exit 1\nfi\n# This output is used by Xcode 'outputs' to avoid re-running this script phase.\necho \"SUCCESS\" > \"${SCRIPT_OUTPUT_FILE_0}\"\n";
			showEnvVarsInLog = 0;
		};
		6CC3CE315FAAB96757A406D7 /* [CP] Copy Pods Resources */ = {
			isa = PBXShellScriptBuildPhase;
			buildActionMask = 2147483647;
			files = (
			);
			inputFileListPaths = (
				"${PODS_ROOT}/Target Support Files/Pods-Shahn/Pods-Shahn-resources-${CONFIGURATION}-input-files.xcfilelist",
			);
			name = "[CP] Copy Pods Resources";
			outputFileListPaths = (
				"${PODS_ROOT}/Target Support Files/Pods-Shahn/Pods-Shahn-resources-${CONFIGURATION}-output-files.xcfilelist",
			);
			runOnlyForDeploymentPostprocessing = 0;
			shellPath = /bin/sh;
			shellScript = "\"${PODS_ROOT}/Target Support Files/Pods-Shahn/Pods-Shahn-resources.sh\"\n";
			showEnvVarsInLog = 0;
		};
		7024C3A33F8399BFCB57370E /* [CP] Embed Pods Frameworks */ = {
			isa = PBXShellScriptBuildPhase;
			buildActionMask = 2147483647;
			files = (
			);
			inputFileListPaths = (
				"${PODS_ROOT}/Target Support Files/Pods-Shahn/Pods-Shahn-frameworks-${CONFIGURATION}-input-files.xcfilelist",
			);
			name = "[CP] Embed Pods Frameworks";
			outputFileListPaths = (
				"${PODS_ROOT}/Target Support Files/Pods-Shahn/Pods-Shahn-frameworks-${CONFIGURATION}-output-files.xcfilelist",
			);
			runOnlyForDeploymentPostprocessing = 0;
			shellPath = /bin/sh;
			shellScript = "\"${PODS_ROOT}/Target Support Files/Pods-Shahn/Pods-Shahn-frameworks.sh\"\n";
			showEnvVarsInLog = 0;
		};
/* End PBXShellScriptBuildPhase section */

/* Begin PBXSourcesBuildPhase section */
		CEE0417029E3510B00239BF7 /* Sources */ = {
			isa = PBXSourcesBuildPhase;
			buildActionMask = 2147483647;
			files = (
				CE9854DB29E823D000644F0F /* OrdersViewController.swift in Sources */,
				CEE041AF29E3C89500239BF7 /* AlertHelper.swift in Sources */,
				CE9854D829E69C3400644F0F /* CreateOrderViewController.swift in Sources */,
				CE9854BC29E5E0F100644F0F /* ReviewView.swift in Sources */,
				CEE041A929E3C89500239BF7 /* Extensions+UIView.swift in Sources */,
				CEE0417C29E3510B00239BF7 /* ViewController.swift in Sources */,
				CEE041AD29E3C89500239BF7 /* Utilities.swift in Sources */,
				CEE041AA29E3C89500239BF7 /* CommonFunctions.swift in Sources */,
				CE9854B829E56F2A00644F0F /* PrividersViewController.swift in Sources */,
				CEE0417829E3510B00239BF7 /* AppDelegate.swift in Sources */,
				CEE041B729E3C8D000239BF7 /* ErrorModel.swift in Sources */,
				CEE0419D29E3C86C00239BF7 /* CustomMarker.swift in Sources */,
				CEE041B129E3C89500239BF7 /* AttachmentHandler.swift in Sources */,
				CEE041AE29E3C89500239BF7 /* StretchyHeaderLayout.swift in Sources */,
				CE9854BF29E5E1DA00644F0F /* ProviderDetailsViewController.swift in Sources */,
				CEE041AC29E3C89500239BF7 /* HeaderView.swift in Sources */,
				CEE041B629E3C8D000239BF7 /* AboutModels.swift in Sources */,
				CEE041B529E3C8D000239BF7 /* UserModel.swift in Sources */,
				CEE0419E29E3C86C00239BF7 /* noDataFoundNip.swift in Sources */,
				CE9854AB29E55CF600644F0F /* TabbarController.swift in Sources */,
				CE9854DD29E8AEB900644F0F /* OrderPricingViewController.swift in Sources */,
				CE9854B529E56C9100644F0F /* HomeViewController.swift in Sources */,
				CEE0419929E3C86C00239BF7 /* noUserDataNotLoadedNip.swift in Sources */,
				CEE041AB29E3C89500239BF7 /* API.swift in Sources */,
				CEE041B029E3C89500239BF7 /* Extestension.swift in Sources */,
				CEE0417A29E3510B00239BF7 /* SceneDelegate.swift in Sources */,
			);
			runOnlyForDeploymentPostprocessing = 0;
		};
/* End PBXSourcesBuildPhase section */

/* Begin PBXVariantGroup section */
		CEE0417D29E3510B00239BF7 /* Main.storyboard */ = {
			isa = PBXVariantGroup;
			children = (
				CEE0417E29E3510B00239BF7 /* Base */,
				CEE041BA29E3D11300239BF7 /* ar */,
			);
			name = Main.storyboard;
			sourceTree = "<group>";
		};
		CEE0418229E3510C00239BF7 /* LaunchScreen.storyboard */ = {
			isa = PBXVariantGroup;
			children = (
				CEE0418329E3510C00239BF7 /* Base */,
				CEE041BB29E3D11300239BF7 /* ar */,
			);
			name = LaunchScreen.storyboard;
			sourceTree = "<group>";
		};
/* End PBXVariantGroup section */

/* Begin XCBuildConfiguration section */
		CEE0418629E3510C00239BF7 /* Debug */ = {
			isa = XCBuildConfiguration;
			buildSettings = {
				ALWAYS_SEARCH_USER_PATHS = NO;
				CLANG_ANALYZER_LOCALIZABILITY_NONLOCALIZED = YES;
				CLANG_ANALYZER_NONNULL = YES;
				CLANG_ANALYZER_NUMBER_OBJECT_CONVERSION = YES_AGGRESSIVE;
				CLANG_CXX_LANGUAGE_STANDARD = "gnu++20";
				CLANG_ENABLE_MODULES = YES;
				CLANG_ENABLE_OBJC_ARC = YES;
				CLANG_ENABLE_OBJC_WEAK = YES;
				CLANG_WARN_BLOCK_CAPTURE_AUTORELEASING = YES;
				CLANG_WARN_BOOL_CONVERSION = YES;
				CLANG_WARN_COMMA = YES;
				CLANG_WARN_CONSTANT_CONVERSION = YES;
				CLANG_WARN_DEPRECATED_OBJC_IMPLEMENTATIONS = YES;
				CLANG_WARN_DIRECT_OBJC_ISA_USAGE = YES_ERROR;
				CLANG_WARN_DOCUMENTATION_COMMENTS = YES;
				CLANG_WARN_EMPTY_BODY = YES;
				CLANG_WARN_ENUM_CONVERSION = YES;
				CLANG_WARN_INFINITE_RECURSION = YES;
				CLANG_WARN_INT_CONVERSION = YES;
				CLANG_WARN_NON_LITERAL_NULL_CONVERSION = YES;
				CLANG_WARN_OBJC_IMPLICIT_RETAIN_SELF = YES;
				CLANG_WARN_OBJC_LITERAL_CONVERSION = YES;
				CLANG_WARN_OBJC_ROOT_CLASS = YES_ERROR;
				CLANG_WARN_QUOTED_INCLUDE_IN_FRAMEWORK_HEADER = YES;
				CLANG_WARN_RANGE_LOOP_ANALYSIS = YES;
				CLANG_WARN_STRICT_PROTOTYPES = YES;
				CLANG_WARN_SUSPICIOUS_MOVE = YES;
				CLANG_WARN_UNGUARDED_AVAILABILITY = YES_AGGRESSIVE;
				CLANG_WARN_UNREACHABLE_CODE = YES;
				CLANG_WARN__DUPLICATE_METHOD_MATCH = YES;
				COPY_PHASE_STRIP = NO;
				DEBUG_INFORMATION_FORMAT = dwarf;
				ENABLE_STRICT_OBJC_MSGSEND = YES;
				ENABLE_TESTABILITY = YES;
				GCC_C_LANGUAGE_STANDARD = gnu11;
				GCC_DYNAMIC_NO_PIC = NO;
				GCC_NO_COMMON_BLOCKS = YES;
				GCC_OPTIMIZATION_LEVEL = 0;
				GCC_PREPROCESSOR_DEFINITIONS = (
					"DEBUG=1",
					"$(inherited)",
				);
				GCC_WARN_64_TO_32_BIT_CONVERSION = YES;
				GCC_WARN_ABOUT_RETURN_TYPE = YES_ERROR;
				GCC_WARN_UNDECLARED_SELECTOR = YES;
				GCC_WARN_UNINITIALIZED_AUTOS = YES_AGGRESSIVE;
				GCC_WARN_UNUSED_FUNCTION = YES;
				GCC_WARN_UNUSED_VARIABLE = YES;
				IPHONEOS_DEPLOYMENT_TARGET = 16.2;
				MTL_ENABLE_DEBUG_INFO = INCLUDE_SOURCE;
				MTL_FAST_MATH = YES;
				ONLY_ACTIVE_ARCH = YES;
				SDKROOT = iphoneos;
				SWIFT_ACTIVE_COMPILATION_CONDITIONS = DEBUG;
				SWIFT_OPTIMIZATION_LEVEL = "-Onone";
			};
			name = Debug;
		};
		CEE0418729E3510C00239BF7 /* Release */ = {
			isa = XCBuildConfiguration;
			buildSettings = {
				ALWAYS_SEARCH_USER_PATHS = NO;
				CLANG_ANALYZER_LOCALIZABILITY_NONLOCALIZED = YES;
				CLANG_ANALYZER_NONNULL = YES;
				CLANG_ANALYZER_NUMBER_OBJECT_CONVERSION = YES_AGGRESSIVE;
				CLANG_CXX_LANGUAGE_STANDARD = "gnu++20";
				CLANG_ENABLE_MODULES = YES;
				CLANG_ENABLE_OBJC_ARC = YES;
				CLANG_ENABLE_OBJC_WEAK = YES;
				CLANG_WARN_BLOCK_CAPTURE_AUTORELEASING = YES;
				CLANG_WARN_BOOL_CONVERSION = YES;
				CLANG_WARN_COMMA = YES;
				CLANG_WARN_CONSTANT_CONVERSION = YES;
				CLANG_WARN_DEPRECATED_OBJC_IMPLEMENTATIONS = YES;
				CLANG_WARN_DIRECT_OBJC_ISA_USAGE = YES_ERROR;
				CLANG_WARN_DOCUMENTATION_COMMENTS = YES;
				CLANG_WARN_EMPTY_BODY = YES;
				CLANG_WARN_ENUM_CONVERSION = YES;
				CLANG_WARN_INFINITE_RECURSION = YES;
				CLANG_WARN_INT_CONVERSION = YES;
				CLANG_WARN_NON_LITERAL_NULL_CONVERSION = YES;
				CLANG_WARN_OBJC_IMPLICIT_RETAIN_SELF = YES;
				CLANG_WARN_OBJC_LITERAL_CONVERSION = YES;
				CLANG_WARN_OBJC_ROOT_CLASS = YES_ERROR;
				CLANG_WARN_QUOTED_INCLUDE_IN_FRAMEWORK_HEADER = YES;
				CLANG_WARN_RANGE_LOOP_ANALYSIS = YES;
				CLANG_WARN_STRICT_PROTOTYPES = YES;
				CLANG_WARN_SUSPICIOUS_MOVE = YES;
				CLANG_WARN_UNGUARDED_AVAILABILITY = YES_AGGRESSIVE;
				CLANG_WARN_UNREACHABLE_CODE = YES;
				CLANG_WARN__DUPLICATE_METHOD_MATCH = YES;
				COPY_PHASE_STRIP = NO;
				DEBUG_INFORMATION_FORMAT = "dwarf-with-dsym";
				ENABLE_NS_ASSERTIONS = NO;
				ENABLE_STRICT_OBJC_MSGSEND = YES;
				GCC_C_LANGUAGE_STANDARD = gnu11;
				GCC_NO_COMMON_BLOCKS = YES;
				GCC_WARN_64_TO_32_BIT_CONVERSION = YES;
				GCC_WARN_ABOUT_RETURN_TYPE = YES_ERROR;
				GCC_WARN_UNDECLARED_SELECTOR = YES;
				GCC_WARN_UNINITIALIZED_AUTOS = YES_AGGRESSIVE;
				GCC_WARN_UNUSED_FUNCTION = YES;
				GCC_WARN_UNUSED_VARIABLE = YES;
				IPHONEOS_DEPLOYMENT_TARGET = 16.2;
				MTL_ENABLE_DEBUG_INFO = NO;
				MTL_FAST_MATH = YES;
				SDKROOT = iphoneos;
				SWIFT_COMPILATION_MODE = wholemodule;
				SWIFT_OPTIMIZATION_LEVEL = "-O";
				VALIDATE_PRODUCT = YES;
			};
			name = Release;
		};
		CEE0418929E3510C00239BF7 /* Debug */ = {
			isa = XCBuildConfiguration;
			baseConfigurationReference = FD083CFCBF54A5DCAF8FDBEC /* Pods-Shahn.debug.xcconfig */;
			buildSettings = {
				ASSETCATALOG_COMPILER_APPICON_NAME = AppIcon;
				ASSETCATALOG_COMPILER_GLOBAL_ACCENT_COLOR_NAME = AccentColor;
				CODE_SIGN_STYLE = Automatic;
				CURRENT_PROJECT_VERSION = 1;
				DEVELOPMENT_TEAM = J8XP2443NZ;
				GENERATE_INFOPLIST_FILE = YES;
				INFOPLIST_FILE = Shahn/Info.plist;
				INFOPLIST_KEY_UIApplicationSupportsIndirectInputEvents = YES;
				INFOPLIST_KEY_UILaunchStoryboardName = LaunchScreen;
				INFOPLIST_KEY_UIMainStoryboardFile = Main;
				INFOPLIST_KEY_UISupportedInterfaceOrientations = UIInterfaceOrientationPortrait;
				IPHONEOS_DEPLOYMENT_TARGET = 13.0;
				LD_RUNPATH_SEARCH_PATHS = (
					"$(inherited)",
					"@executable_path/Frameworks",
				);
				MARKETING_VERSION = 1.0;
				PRODUCT_BUNDLE_IDENTIFIER = PitaStudio.Shahn;
				PRODUCT_NAME = "$(TARGET_NAME)";
				SUPPORTED_PLATFORMS = "iphoneos iphonesimulator";
				SUPPORTS_MACCATALYST = NO;
				SUPPORTS_MAC_DESIGNED_FOR_IPHONE_IPAD = NO;
				SWIFT_EMIT_LOC_STRINGS = YES;
				SWIFT_VERSION = 5.0;
				TARGETED_DEVICE_FAMILY = 1;
			};
			name = Debug;
		};
		CEE0418A29E3510C00239BF7 /* Release */ = {
			isa = XCBuildConfiguration;
			baseConfigurationReference = 19992C77E07D9609007130D6 /* Pods-Shahn.release.xcconfig */;
			buildSettings = {
				ASSETCATALOG_COMPILER_APPICON_NAME = AppIcon;
				ASSETCATALOG_COMPILER_GLOBAL_ACCENT_COLOR_NAME = AccentColor;
				CODE_SIGN_STYLE = Automatic;
				CURRENT_PROJECT_VERSION = 1;
				DEVELOPMENT_TEAM = PP486X33A2;
				GENERATE_INFOPLIST_FILE = YES;
				INFOPLIST_FILE = Shahn/Info.plist;
				INFOPLIST_KEY_UIApplicationSupportsIndirectInputEvents = YES;
				INFOPLIST_KEY_UILaunchStoryboardName = LaunchScreen;
				INFOPLIST_KEY_UIMainStoryboardFile = Main;
				INFOPLIST_KEY_UISupportedInterfaceOrientations = UIInterfaceOrientationPortrait;
				IPHONEOS_DEPLOYMENT_TARGET = 13.0;
				LD_RUNPATH_SEARCH_PATHS = (
					"$(inherited)",
					"@executable_path/Frameworks",
				);
				MARKETING_VERSION = 1.0;
				PRODUCT_BUNDLE_IDENTIFIER = PitaStudio.Shahn;
				PRODUCT_NAME = "$(TARGET_NAME)";
				SUPPORTED_PLATFORMS = "iphoneos iphonesimulator";
				SUPPORTS_MACCATALYST = NO;
				SUPPORTS_MAC_DESIGNED_FOR_IPHONE_IPAD = NO;
				SWIFT_EMIT_LOC_STRINGS = YES;
				SWIFT_VERSION = 5.0;
				TARGETED_DEVICE_FAMILY = 1;
			};
			name = Release;
		};
/* End XCBuildConfiguration section */

/* Begin XCConfigurationList section */
		CEE0416F29E3510B00239BF7 /* Build configuration list for PBXProject "Shahn" */ = {
			isa = XCConfigurationList;
			buildConfigurations = (
				CEE0418629E3510C00239BF7 /* Debug */,
				CEE0418729E3510C00239BF7 /* Release */,
			);
			defaultConfigurationIsVisible = 0;
			defaultConfigurationName = Release;
		};
		CEE0418829E3510C00239BF7 /* Build configuration list for PBXNativeTarget "Shahn" */ = {
			isa = XCConfigurationList;
			buildConfigurations = (
				CEE0418929E3510C00239BF7 /* Debug */,
				CEE0418A29E3510C00239BF7 /* Release */,
			);
			defaultConfigurationIsVisible = 0;
			defaultConfigurationName = Release;
		};
/* End XCConfigurationList section */
	};
	rootObject = CEE0416C29E3510B00239BF7 /* Project object */;
}
